{
  "pins" : [
    {
      "identity" : "loggerpackage",
      "kind" : "remoteSourceControl",
      "location" : "https://github.com/savinash/LoggerPackage",
      "state" : {
        "branch" : "main",
        "revision" : "3434c9ae454b5fa6322a1ccb7d8b85ba46874d1a"
      }
    }
  ],
  "version" : 2
}
