{
  "pins" : [
    {
      "identity" : "loggerpackage",
      "kind" : "remoteSourceControl",
      "location" : "https://github.com/savinash/LoggerPackage",
      "state" : {
        "branch" : "main",
        "revision" : "4d3d6af4c5c4464fc406d9eea41b7a7323a6ba7a"
      }
    }
  ],
  "version" : 2
}
