{
  "pins" : [
    {
      "identity" : "loggerpackage",
      "kind" : "remoteSourceControl",
      "location" : "https://github.com/savinash/LoggerPackage",
      "state" : {
        "branch" : "main",
        "revision" : "edf3104b762ac77695f0f521af28b29036249222"
      }
    }
  ],
  "version" : 2
}
